
Microsoft Visual Studio Solution File, Format Version 12.00
# Visual Studio 15
VisualStudioVersion = 15.0.35213.121
MinimumVisualStudioVersion = 10.0.40219.1
Project("{8BC9CEB8-8B4A-11D0-8D11-00A0C91BC942}") = "HW01_01", "HW01_01\HW01_01.vcxproj", "{BB6317A8-09E8-466A-A044-65FBF4A142A9}"
EndProject
Project("{8BC9CEB8-8B4A-11D0-8D11-00A0C91BC942}") = "HW01_02", "HW01_02\HW01_02.vcxproj", "{C2DA7FE1-F606-4A99-9234-E12064F3C8EA}"
EndProject
Project("{8BC9CEB8-8B4A-11D0-8D11-00A0C91BC942}") = "HW01_03", "HW01_03\HW01_03.vcxproj", "{45A5FD51-392D-4348-95B8-316AD8319ED5}"
EndProject
Project("{8BC9CEB8-8B4A-11D0-8D11-00A0C91BC942}") = "HW02_01", "HW02_01\HW02_01.vcxproj", "{F2C6439F-E66E-41D6-9D7D-EF921068FD7C}"
EndProject
Project("{8BC9CEB8-8B4A-11D0-8D11-00A0C91BC942}") = "HW02_02", "HW02_02\HW02_02.vcxproj", "{073763AE-294F-4C0D-A919-3B1C8C8E0D3A}"
EndProject
Project("{8BC9CEB8-8B4A-11D0-8D11-00A0C91BC942}") = "HW03_01", "HW03_01\HW03_01.vcxproj", "{2D887DF9-49F8-442E-8A85-D10A5CEF3544}"
EndProject
Project("{8BC9CEB8-8B4A-11D0-8D11-00A0C91BC942}") = "HW03_02", "HW03_02\HW03_02.vcxproj", "{BD1D1B96-7C8B-4EFC-BEA9-C522FBBE7AEE}"
EndProject
Project("{8BC9CEB8-8B4A-11D0-8D11-00A0C91BC942}") = "HW03_03", "HW03_03\HW03_03.vcxproj", "{91732AB0-4B8A-4E90-A8EE-7164756627E6}"
EndProject
Project("{8BC9CEB8-8B4A-11D0-8D11-00A0C91BC942}") = "HW03_04", "HW03_04\HW03_04.vcxproj", "{D9AB7D4B-F2E1-4D10-A122-294CA910669D}"
EndProject
Project("{8BC9CEB8-8B4A-11D0-8D11-00A0C91BC942}") = "HW04_01", "HW04_01\HW04_01.vcxproj", "{71B72E14-DC43-4EE4-8114-1B0478BF3149}"
EndProject
Project("{8BC9CEB8-8B4A-11D0-8D11-00A0C91BC942}") = "HW04_02", "HW04_02\HW04_02.vcxproj", "{1486E247-037D-4EC7-AD1A-6B5BE8AFFA90}"
EndProject
Project("{8BC9CEB8-8B4A-11D0-8D11-00A0C91BC942}") = "HW04_03", "HW04_03\HW04_03.vcxproj", "{FDB9B75E-9F61-4539-831B-77B81C15C804}"
EndProject
Project("{8BC9CEB8-8B4A-11D0-8D11-00A0C91BC942}") = "HW05_02", "HW05_02\HW05_02.vcxproj", "{B3BA87BD-9343-4915-81B4-7F799D5CC475}"
EndProject
Project("{8BC9CEB8-8B4A-11D0-8D11-00A0C91BC942}") = "HW05_01", "HW05_01\HW05_01.vcxproj", "{7AF2DD5C-FD4F-4A80-BBD4-82270B8D40D7}"
EndProject
Project("{8BC9CEB8-8B4A-11D0-8D11-00A0C91BC942}") = "HW06_01", "HW06_01\HW06_01.vcxproj", "{43E8F359-5DA9-453A-A7F1-25CDD76E916F}"
EndProject
Project("{8BC9CEB8-8B4A-11D0-8D11-00A0C91BC942}") = "HW06_02", "HW06_02\HW06_02.vcxproj", "{E2AE7D58-1F75-4C08-BAFE-A1E2EFB436D3}"
EndProject
Project("{8BC9CEB8-8B4A-11D0-8D11-00A0C91BC942}") = "HW06_03", "HW06_03\HW06_03.vcxproj", "{99A39126-4193-42AA-9993-883F2F8D5D12}"
EndProject
Project("{8BC9CEB8-8B4A-11D0-8D11-00A0C91BC942}") = "HW06_03(1)", "HW06_03(1)\HW06_03(1).vcxproj", "{05D9AAF0-42B0-4604-AD45-240DA0C4099B}"
EndProject
Project("{8BC9CEB8-8B4A-11D0-8D11-00A0C91BC942}") = "HW07_01", "HW07_01\HW07_01.vcxproj", "{38EEC171-7D5A-4F52-9BC1-19E02498540E}"
EndProject
Project("{8BC9CEB8-8B4A-11D0-8D11-00A0C91BC942}") = "HW08_01", "HW08_01\HW08_01.vcxproj", "{DE5E6805-22D9-4D6E-B471-10217CB31A16}"
EndProject
Global
	GlobalSection(SolutionConfigurationPlatforms) = preSolution
		Debug|x64 = Debug|x64
		Debug|x86 = Debug|x86
		Release|x64 = Release|x64
		Release|x86 = Release|x86
	EndGlobalSection
	GlobalSection(ProjectConfigurationPlatforms) = postSolution
		{BB6317A8-09E8-466A-A044-65FBF4A142A9}.Debug|x64.ActiveCfg = Debug|x64
		{BB6317A8-09E8-466A-A044-65FBF4A142A9}.Debug|x64.Build.0 = Debug|x64
		{BB6317A8-09E8-466A-A044-65FBF4A142A9}.Debug|x86.ActiveCfg = Debug|Win32
		{BB6317A8-09E8-466A-A044-65FBF4A142A9}.Debug|x86.Build.0 = Debug|Win32
		{BB6317A8-09E8-466A-A044-65FBF4A142A9}.Release|x64.ActiveCfg = Release|x64
		{BB6317A8-09E8-466A-A044-65FBF4A142A9}.Release|x64.Build.0 = Release|x64
		{BB6317A8-09E8-466A-A044-65FBF4A142A9}.Release|x86.ActiveCfg = Release|Win32
		{BB6317A8-09E8-466A-A044-65FBF4A142A9}.Release|x86.Build.0 = Release|Win32
		{C2DA7FE1-F606-4A99-9234-E12064F3C8EA}.Debug|x64.ActiveCfg = Debug|x64
		{C2DA7FE1-F606-4A99-9234-E12064F3C8EA}.Debug|x64.Build.0 = Debug|x64
		{C2DA7FE1-F606-4A99-9234-E12064F3C8EA}.Debug|x86.ActiveCfg = Debug|Win32
		{C2DA7FE1-F606-4A99-9234-E12064F3C8EA}.Debug|x86.Build.0 = Debug|Win32
		{C2DA7FE1-F606-4A99-9234-E12064F3C8EA}.Release|x64.ActiveCfg = Release|x64
		{C2DA7FE1-F606-4A99-9234-E12064F3C8EA}.Release|x64.Build.0 = Release|x64
		{C2DA7FE1-F606-4A99-9234-E12064F3C8EA}.Release|x86.ActiveCfg = Release|Win32
		{C2DA7FE1-F606-4A99-9234-E12064F3C8EA}.Release|x86.Build.0 = Release|Win32
		{45A5FD51-392D-4348-95B8-316AD8319ED5}.Debug|x64.ActiveCfg = Debug|x64
		{45A5FD51-392D-4348-95B8-316AD8319ED5}.Debug|x64.Build.0 = Debug|x64
		{45A5FD51-392D-4348-95B8-316AD8319ED5}.Debug|x86.ActiveCfg = Debug|Win32
		{45A5FD51-392D-4348-95B8-316AD8319ED5}.Debug|x86.Build.0 = Debug|Win32
		{45A5FD51-392D-4348-95B8-316AD8319ED5}.Release|x64.ActiveCfg = Release|x64
		{45A5FD51-392D-4348-95B8-316AD8319ED5}.Release|x64.Build.0 = Release|x64
		{45A5FD51-392D-4348-95B8-316AD8319ED5}.Release|x86.ActiveCfg = Release|Win32
		{45A5FD51-392D-4348-95B8-316AD8319ED5}.Release|x86.Build.0 = Release|Win32
		{F2C6439F-E66E-41D6-9D7D-EF921068FD7C}.Debug|x64.ActiveCfg = Debug|x64
		{F2C6439F-E66E-41D6-9D7D-EF921068FD7C}.Debug|x64.Build.0 = Debug|x64
		{F2C6439F-E66E-41D6-9D7D-EF921068FD7C}.Debug|x86.ActiveCfg = Debug|Win32
		{F2C6439F-E66E-41D6-9D7D-EF921068FD7C}.Debug|x86.Build.0 = Debug|Win32
		{F2C6439F-E66E-41D6-9D7D-EF921068FD7C}.Release|x64.ActiveCfg = Release|x64
		{F2C6439F-E66E-41D6-9D7D-EF921068FD7C}.Release|x64.Build.0 = Release|x64
		{F2C6439F-E66E-41D6-9D7D-EF921068FD7C}.Release|x86.ActiveCfg = Release|Win32
		{F2C6439F-E66E-41D6-9D7D-EF921068FD7C}.Release|x86.Build.0 = Release|Win32
		{073763AE-294F-4C0D-A919-3B1C8C8E0D3A}.Debug|x64.ActiveCfg = Debug|x64
		{073763AE-294F-4C0D-A919-3B1C8C8E0D3A}.Debug|x64.Build.0 = Debug|x64
		{073763AE-294F-4C0D-A919-3B1C8C8E0D3A}.Debug|x86.ActiveCfg = Debug|Win32
		{073763AE-294F-4C0D-A919-3B1C8C8E0D3A}.Debug|x86.Build.0 = Debug|Win32
		{073763AE-294F-4C0D-A919-3B1C8C8E0D3A}.Release|x64.ActiveCfg = Release|x64
		{073763AE-294F-4C0D-A919-3B1C8C8E0D3A}.Release|x64.Build.0 = Release|x64
		{073763AE-294F-4C0D-A919-3B1C8C8E0D3A}.Release|x86.ActiveCfg = Release|Win32
		{073763AE-294F-4C0D-A919-3B1C8C8E0D3A}.Release|x86.Build.0 = Release|Win32
		{2D887DF9-49F8-442E-8A85-D10A5CEF3544}.Debug|x64.ActiveCfg = Debug|x64
		{2D887DF9-49F8-442E-8A85-D10A5CEF3544}.Debug|x64.Build.0 = Debug|x64
		{2D887DF9-49F8-442E-8A85-D10A5CEF3544}.Debug|x86.ActiveCfg = Debug|Win32
		{2D887DF9-49F8-442E-8A85-D10A5CEF3544}.Debug|x86.Build.0 = Debug|Win32
		{2D887DF9-49F8-442E-8A85-D10A5CEF3544}.Release|x64.ActiveCfg = Release|x64
		{2D887DF9-49F8-442E-8A85-D10A5CEF3544}.Release|x64.Build.0 = Release|x64
		{2D887DF9-49F8-442E-8A85-D10A5CEF3544}.Release|x86.ActiveCfg = Release|Win32
		{2D887DF9-49F8-442E-8A85-D10A5CEF3544}.Release|x86.Build.0 = Release|Win32
		{BD1D1B96-7C8B-4EFC-BEA9-C522FBBE7AEE}.Debug|x64.ActiveCfg = Debug|x64
		{BD1D1B96-7C8B-4EFC-BEA9-C522FBBE7AEE}.Debug|x64.Build.0 = Debug|x64
		{BD1D1B96-7C8B-4EFC-BEA9-C522FBBE7AEE}.Debug|x86.ActiveCfg = Debug|Win32
		{BD1D1B96-7C8B-4EFC-BEA9-C522FBBE7AEE}.Debug|x86.Build.0 = Debug|Win32
		{BD1D1B96-7C8B-4EFC-BEA9-C522FBBE7AEE}.Release|x64.ActiveCfg = Release|x64
		{BD1D1B96-7C8B-4EFC-BEA9-C522FBBE7AEE}.Release|x64.Build.0 = Release|x64
		{BD1D1B96-7C8B-4EFC-BEA9-C522FBBE7AEE}.Release|x86.ActiveCfg = Release|Win32
		{BD1D1B96-7C8B-4EFC-BEA9-C522FBBE7AEE}.Release|x86.Build.0 = Release|Win32
		{91732AB0-4B8A-4E90-A8EE-7164756627E6}.Debug|x64.ActiveCfg = Debug|x64
		{91732AB0-4B8A-4E90-A8EE-7164756627E6}.Debug|x64.Build.0 = Debug|x64
		{91732AB0-4B8A-4E90-A8EE-7164756627E6}.Debug|x86.ActiveCfg = Debug|Win32
		{91732AB0-4B8A-4E90-A8EE-7164756627E6}.Debug|x86.Build.0 = Debug|Win32
		{91732AB0-4B8A-4E90-A8EE-7164756627E6}.Release|x64.ActiveCfg = Release|x64
		{91732AB0-4B8A-4E90-A8EE-7164756627E6}.Release|x64.Build.0 = Release|x64
		{91732AB0-4B8A-4E90-A8EE-7164756627E6}.Release|x86.ActiveCfg = Release|Win32
		{91732AB0-4B8A-4E90-A8EE-7164756627E6}.Release|x86.Build.0 = Release|Win32
		{D9AB7D4B-F2E1-4D10-A122-294CA910669D}.Debug|x64.ActiveCfg = Debug|x64
		{D9AB7D4B-F2E1-4D10-A122-294CA910669D}.Debug|x64.Build.0 = Debug|x64
		{D9AB7D4B-F2E1-4D10-A122-294CA910669D}.Debug|x86.ActiveCfg = Debug|Win32
		{D9AB7D4B-F2E1-4D10-A122-294CA910669D}.Debug|x86.Build.0 = Debug|Win32
		{D9AB7D4B-F2E1-4D10-A122-294CA910669D}.Release|x64.ActiveCfg = Release|x64
		{D9AB7D4B-F2E1-4D10-A122-294CA910669D}.Release|x64.Build.0 = Release|x64
		{D9AB7D4B-F2E1-4D10-A122-294CA910669D}.Release|x86.ActiveCfg = Release|Win32
		{D9AB7D4B-F2E1-4D10-A122-294CA910669D}.Release|x86.Build.0 = Release|Win32
		{71B72E14-DC43-4EE4-8114-1B0478BF3149}.Debug|x64.ActiveCfg = Debug|x64
		{71B72E14-DC43-4EE4-8114-1B0478BF3149}.Debug|x64.Build.0 = Debug|x64
		{71B72E14-DC43-4EE4-8114-1B0478BF3149}.Debug|x86.ActiveCfg = Debug|Win32
		{71B72E14-DC43-4EE4-8114-1B0478BF3149}.Debug|x86.Build.0 = Debug|Win32
		{71B72E14-DC43-4EE4-8114-1B0478BF3149}.Release|x64.ActiveCfg = Release|x64
		{71B72E14-DC43-4EE4-8114-1B0478BF3149}.Release|x64.Build.0 = Release|x64
		{71B72E14-DC43-4EE4-8114-1B0478BF3149}.Release|x86.ActiveCfg = Release|Win32
		{71B72E14-DC43-4EE4-8114-1B0478BF3149}.Release|x86.Build.0 = Release|Win32
		{1486E247-037D-4EC7-AD1A-6B5BE8AFFA90}.Debug|x64.ActiveCfg = Debug|x64
		{1486E247-037D-4EC7-AD1A-6B5BE8AFFA90}.Debug|x64.Build.0 = Debug|x64
		{1486E247-037D-4EC7-AD1A-6B5BE8AFFA90}.Debug|x86.ActiveCfg = Debug|Win32
		{1486E247-037D-4EC7-AD1A-6B5BE8AFFA90}.Debug|x86.Build.0 = Debug|Win32
		{1486E247-037D-4EC7-AD1A-6B5BE8AFFA90}.Release|x64.ActiveCfg = Release|x64
		{1486E247-037D-4EC7-AD1A-6B5BE8AFFA90}.Release|x64.Build.0 = Release|x64
		{1486E247-037D-4EC7-AD1A-6B5BE8AFFA90}.Release|x86.ActiveCfg = Release|Win32
		{1486E247-037D-4EC7-AD1A-6B5BE8AFFA90}.Release|x86.Build.0 = Release|Win32
		{FDB9B75E-9F61-4539-831B-77B81C15C804}.Debug|x64.ActiveCfg = Debug|x64
		{FDB9B75E-9F61-4539-831B-77B81C15C804}.Debug|x64.Build.0 = Debug|x64
		{FDB9B75E-9F61-4539-831B-77B81C15C804}.Debug|x86.ActiveCfg = Debug|Win32
		{FDB9B75E-9F61-4539-831B-77B81C15C804}.Debug|x86.Build.0 = Debug|Win32
		{FDB9B75E-9F61-4539-831B-77B81C15C804}.Release|x64.ActiveCfg = Release|x64
		{FDB9B75E-9F61-4539-831B-77B81C15C804}.Release|x64.Build.0 = Release|x64
		{FDB9B75E-9F61-4539-831B-77B81C15C804}.Release|x86.ActiveCfg = Release|Win32
		{FDB9B75E-9F61-4539-831B-77B81C15C804}.Release|x86.Build.0 = Release|Win32
		{B3BA87BD-9343-4915-81B4-7F799D5CC475}.Debug|x64.ActiveCfg = Debug|x64
		{B3BA87BD-9343-4915-81B4-7F799D5CC475}.Debug|x64.Build.0 = Debug|x64
		{B3BA87BD-9343-4915-81B4-7F799D5CC475}.Debug|x86.ActiveCfg = Debug|Win32
		{B3BA87BD-9343-4915-81B4-7F799D5CC475}.Debug|x86.Build.0 = Debug|Win32
		{B3BA87BD-9343-4915-81B4-7F799D5CC475}.Release|x64.ActiveCfg = Release|x64
		{B3BA87BD-9343-4915-81B4-7F799D5CC475}.Release|x64.Build.0 = Release|x64
		{B3BA87BD-9343-4915-81B4-7F799D5CC475}.Release|x86.ActiveCfg = Release|Win32
		{B3BA87BD-9343-4915-81B4-7F799D5CC475}.Release|x86.Build.0 = Release|Win32
		{7AF2DD5C-FD4F-4A80-BBD4-82270B8D40D7}.Debug|x64.ActiveCfg = Debug|x64
		{7AF2DD5C-FD4F-4A80-BBD4-82270B8D40D7}.Debug|x64.Build.0 = Debug|x64
		{7AF2DD5C-FD4F-4A80-BBD4-82270B8D40D7}.Debug|x86.ActiveCfg = Debug|Win32
		{7AF2DD5C-FD4F-4A80-BBD4-82270B8D40D7}.Debug|x86.Build.0 = Debug|Win32
		{7AF2DD5C-FD4F-4A80-BBD4-82270B8D40D7}.Release|x64.ActiveCfg = Release|x64
		{7AF2DD5C-FD4F-4A80-BBD4-82270B8D40D7}.Release|x64.Build.0 = Release|x64
		{7AF2DD5C-FD4F-4A80-BBD4-82270B8D40D7}.Release|x86.ActiveCfg = Release|Win32
		{7AF2DD5C-FD4F-4A80-BBD4-82270B8D40D7}.Release|x86.Build.0 = Release|Win32
		{43E8F359-5DA9-453A-A7F1-25CDD76E916F}.Debug|x64.ActiveCfg = Debug|x64
		{43E8F359-5DA9-453A-A7F1-25CDD76E916F}.Debug|x64.Build.0 = Debug|x64
		{43E8F359-5DA9-453A-A7F1-25CDD76E916F}.Debug|x86.ActiveCfg = Debug|Win32
		{43E8F359-5DA9-453A-A7F1-25CDD76E916F}.Debug|x86.Build.0 = Debug|Win32
		{43E8F359-5DA9-453A-A7F1-25CDD76E916F}.Release|x64.ActiveCfg = Release|x64
		{43E8F359-5DA9-453A-A7F1-25CDD76E916F}.Release|x64.Build.0 = Release|x64
		{43E8F359-5DA9-453A-A7F1-25CDD76E916F}.Release|x86.ActiveCfg = Release|Win32
		{43E8F359-5DA9-453A-A7F1-25CDD76E916F}.Release|x86.Build.0 = Release|Win32
		{E2AE7D58-1F75-4C08-BAFE-A1E2EFB436D3}.Debug|x64.ActiveCfg = Debug|x64
		{E2AE7D58-1F75-4C08-BAFE-A1E2EFB436D3}.Debug|x64.Build.0 = Debug|x64
		{E2AE7D58-1F75-4C08-BAFE-A1E2EFB436D3}.Debug|x86.ActiveCfg = Debug|Win32
		{E2AE7D58-1F75-4C08-BAFE-A1E2EFB436D3}.Debug|x86.Build.0 = Debug|Win32
		{E2AE7D58-1F75-4C08-BAFE-A1E2EFB436D3}.Release|x64.ActiveCfg = Release|x64
		{E2AE7D58-1F75-4C08-BAFE-A1E2EFB436D3}.Release|x64.Build.0 = Release|x64
		{E2AE7D58-1F75-4C08-BAFE-A1E2EFB436D3}.Release|x86.ActiveCfg = Release|Win32
		{E2AE7D58-1F75-4C08-BAFE-A1E2EFB436D3}.Release|x86.Build.0 = Release|Win32
		{99A39126-4193-42AA-9993-883F2F8D5D12}.Debug|x64.ActiveCfg = Debug|x64
		{99A39126-4193-42AA-9993-883F2F8D5D12}.Debug|x64.Build.0 = Debug|x64
		{99A39126-4193-42AA-9993-883F2F8D5D12}.Debug|x86.ActiveCfg = Debug|Win32
		{99A39126-4193-42AA-9993-883F2F8D5D12}.Debug|x86.Build.0 = Debug|Win32
		{99A39126-4193-42AA-9993-883F2F8D5D12}.Release|x64.ActiveCfg = Release|x64
		{99A39126-4193-42AA-9993-883F2F8D5D12}.Release|x64.Build.0 = Release|x64
		{99A39126-4193-42AA-9993-883F2F8D5D12}.Release|x86.ActiveCfg = Release|Win32
		{99A39126-4193-42AA-9993-883F2F8D5D12}.Release|x86.Build.0 = Release|Win32
		{05D9AAF0-42B0-4604-AD45-240DA0C4099B}.Debug|x64.ActiveCfg = Debug|x64
		{05D9AAF0-42B0-4604-AD45-240DA0C4099B}.Debug|x64.Build.0 = Debug|x64
		{05D9AAF0-42B0-4604-AD45-240DA0C4099B}.Debug|x86.ActiveCfg = Debug|Win32
		{05D9AAF0-42B0-4604-AD45-240DA0C4099B}.Debug|x86.Build.0 = Debug|Win32
		{05D9AAF0-42B0-4604-AD45-240DA0C4099B}.Release|x64.ActiveCfg = Release|x64
		{05D9AAF0-42B0-4604-AD45-240DA0C4099B}.Release|x64.Build.0 = Release|x64
		{05D9AAF0-42B0-4604-AD45-240DA0C4099B}.Release|x86.ActiveCfg = Release|Win32
		{05D9AAF0-42B0-4604-AD45-240DA0C4099B}.Release|x86.Build.0 = Release|Win32
		{38EEC171-7D5A-4F52-9BC1-19E02498540E}.Debug|x64.ActiveCfg = Debug|x64
		{38EEC171-7D5A-4F52-9BC1-19E02498540E}.Debug|x64.Build.0 = Debug|x64
		{38EEC171-7D5A-4F52-9BC1-19E02498540E}.Debug|x86.ActiveCfg = Debug|Win32
		{38EEC171-7D5A-4F52-9BC1-19E02498540E}.Debug|x86.Build.0 = Debug|Win32
		{38EEC171-7D5A-4F52-9BC1-19E02498540E}.Release|x64.ActiveCfg = Release|x64
		{38EEC171-7D5A-4F52-9BC1-19E02498540E}.Release|x64.Build.0 = Release|x64
		{38EEC171-7D5A-4F52-9BC1-19E02498540E}.Release|x86.ActiveCfg = Release|Win32
		{38EEC171-7D5A-4F52-9BC1-19E02498540E}.Release|x86.Build.0 = Release|Win32
		{DE5E6805-22D9-4D6E-B471-10217CB31A16}.Debug|x64.ActiveCfg = Debug|x64
		{DE5E6805-22D9-4D6E-B471-10217CB31A16}.Debug|x64.Build.0 = Debug|x64
		{DE5E6805-22D9-4D6E-B471-10217CB31A16}.Debug|x86.ActiveCfg = Debug|Win32
		{DE5E6805-22D9-4D6E-B471-10217CB31A16}.Debug|x86.Build.0 = Debug|Win32
		{DE5E6805-22D9-4D6E-B471-10217CB31A16}.Release|x64.ActiveCfg = Release|x64
		{DE5E6805-22D9-4D6E-B471-10217CB31A16}.Release|x64.Build.0 = Release|x64
		{DE5E6805-22D9-4D6E-B471-10217CB31A16}.Release|x86.ActiveCfg = Release|Win32
		{DE5E6805-22D9-4D6E-B471-10217CB31A16}.Release|x86.Build.0 = Release|Win32
	EndGlobalSection
	GlobalSection(SolutionProperties) = preSolution
		HideSolutionNode = FALSE
	EndGlobalSection
	GlobalSection(ExtensibilityGlobals) = postSolution
		SolutionGuid = {55614F70-CBB9-462E-9B37-04313F1020D7}
	EndGlobalSection
EndGlobal
